
Microsoft Visual Studio Solution File, Format Version 12.00
# Visual Studio Version 17
VisualStudioVersion = 17.0.32112.339
MinimumVisualStudioVersion = 10.0.40219.1
Project("{FAE04EC0-301F-11D3-BF4B-00C04F79EFBC}") = "Highschool simulator", "Highschool simulator\Highschool simulator.csproj", "{ECA0DF07-BA6B-45BD-9DC7-7C0AE7EDF066}"
EndProject
Global
	GlobalSection(SolutionConfigurationPlatforms) = preSolution
		Debug|Any CPU = Debug|Any CPU
		Release|Any CPU = Release|Any CPU
	EndGlobalSection
	GlobalSection(ProjectConfigurationPlatforms) = postSolution
		{ECA0DF07-BA6B-45BD-9DC7-7C0AE7EDF066}.Debug|Any CPU.ActiveCfg = Debug|Any CPU
		{ECA0DF07-BA6B-45BD-9DC7-7C0AE7EDF066}.Debug|Any CPU.Build.0 = Debug|Any CPU
		{ECA0DF07-BA6B-45BD-9DC7-7C0AE7EDF066}.Release|Any CPU.ActiveCfg = Release|Any CPU
		{ECA0DF07-BA6B-45BD-9DC7-7C0AE7EDF066}.Release|Any CPU.Build.0 = Release|Any CPU
	EndGlobalSection
	GlobalSection(SolutionProperties) = preSolution
		HideSolutionNode = FALSE
	EndGlobalSection
	GlobalSection(ExtensibilityGlobals) = postSolution
		SolutionGuid = {FA3C4173-74DA-4227-ABC7-3D95DF89B962}
	EndGlobalSection
EndGlobal
